
Microsoft Visual Studio Solution File, Format Version 12.00
# Visual Studio Version 16
VisualStudioVersion = 16.0.30503.244
MinimumVisualStudioVersion = 10.0.40219.1
Project("{FAE04EC0-301F-11D3-BF4B-00C04F79EFBC}") = "progtervmintak", "progtervmintak.csproj", "{F242A3BF-4E6E-4E65-A5C7-E4D029A2017E}"
EndProject
Global
	GlobalSection(SolutionConfigurationPlatforms) = preSolution
		Debug|Any CPU = Debug|Any CPU
		Release|Any CPU = Release|Any CPU
	EndGlobalSection
	GlobalSection(ProjectConfigurationPlatforms) = postSolution
		{F242A3BF-4E6E-4E65-A5C7-E4D029A2017E}.Debug|Any CPU.ActiveCfg = Debug|Any CPU
		{F242A3BF-4E6E-4E65-A5C7-E4D029A2017E}.Debug|Any CPU.Build.0 = Debug|Any CPU
		{F242A3BF-4E6E-4E65-A5C7-E4D029A2017E}.Release|Any CPU.ActiveCfg = Release|Any CPU
		{F242A3BF-4E6E-4E65-A5C7-E4D029A2017E}.Release|Any CPU.Build.0 = Release|Any CPU
	EndGlobalSection
	GlobalSection(SolutionProperties) = preSolution
		HideSolutionNode = FALSE
	EndGlobalSection
	GlobalSection(ExtensibilityGlobals) = postSolution
		SolutionGuid = {7C4C0AB6-7269-4DA1-ACC1-E5E8411FA661}
	EndGlobalSection
EndGlobal
