
Microsoft Visual Studio Solution File, Format Version 12.00
# Visual Studio Version 16
VisualStudioVersion = 16.0.30503.244
MinimumVisualStudioVersion = 10.0.40219.1
Project("{FAE04EC0-301F-11D3-BF4B-00C04F79EFBC}") = "Mikroszimulacio", "Mikroszimulacio.csproj", "{FDD0B564-A76A-4F57-BCD9-C209849AEB51}"
EndProject
Global
	GlobalSection(SolutionConfigurationPlatforms) = preSolution
		Debug|Any CPU = Debug|Any CPU
		Release|Any CPU = Release|Any CPU
	EndGlobalSection
	GlobalSection(ProjectConfigurationPlatforms) = postSolution
		{FDD0B564-A76A-4F57-BCD9-C209849AEB51}.Debug|Any CPU.ActiveCfg = Debug|Any CPU
		{FDD0B564-A76A-4F57-BCD9-C209849AEB51}.Debug|Any CPU.Build.0 = Debug|Any CPU
		{FDD0B564-A76A-4F57-BCD9-C209849AEB51}.Release|Any CPU.ActiveCfg = Release|Any CPU
		{FDD0B564-A76A-4F57-BCD9-C209849AEB51}.Release|Any CPU.Build.0 = Release|Any CPU
	EndGlobalSection
	GlobalSection(SolutionProperties) = preSolution
		HideSolutionNode = FALSE
	EndGlobalSection
	GlobalSection(ExtensibilityGlobals) = postSolution
		SolutionGuid = {09957503-223F-4D32-9976-CB1AEEA260C1}
	EndGlobalSection
EndGlobal
